
Microsoft Visual Studio Solution File, Format Version 12.00
# Visual Studio Version 17
VisualStudioVersion = 17.3.32811.315
MinimumVisualStudioVersion = 10.0.40219.1
Project("{FAE04EC0-301F-11D3-BF4B-00C04F79EFBC}") = "Lista4.PR2", "Lista4.PR2\Lista4.PR2.csproj", "{7204F341-6570-457E-8610-5B5DA9DA4A9E}"
EndProject
Global
	GlobalSection(SolutionConfigurationPlatforms) = preSolution
		Debug|Any CPU = Debug|Any CPU
		Release|Any CPU = Release|Any CPU
	EndGlobalSection
	GlobalSection(ProjectConfigurationPlatforms) = postSolution
		{7204F341-6570-457E-8610-5B5DA9DA4A9E}.Debug|Any CPU.ActiveCfg = Debug|Any CPU
		{7204F341-6570-457E-8610-5B5DA9DA4A9E}.Debug|Any CPU.Build.0 = Debug|Any CPU
		{7204F341-6570-457E-8610-5B5DA9DA4A9E}.Release|Any CPU.ActiveCfg = Release|Any CPU
		{7204F341-6570-457E-8610-5B5DA9DA4A9E}.Release|Any CPU.Build.0 = Release|Any CPU
	EndGlobalSection
	GlobalSection(SolutionProperties) = preSolution
		HideSolutionNode = FALSE
	EndGlobalSection
	GlobalSection(ExtensibilityGlobals) = postSolution
		SolutionGuid = {B060BA22-B538-4593-BE63-FED27531E2DF}
	EndGlobalSection
EndGlobal
